
Microsoft Visual Studio Solution File, Format Version 12.00
# Visual Studio 15
VisualStudioVersion = 15.0.27130.2027
MinimumVisualStudioVersion = 10.0.40219.1
Project("{FAE04EC0-301F-11D3-BF4B-00C04F79EFBC}") = "App1.Android", "App1\App1.Android\App1.Android.csproj", "{74E827C8-5821-4841-BB97-E0D27590A64D}"
EndProject
Project("{FAE04EC0-301F-11D3-BF4B-00C04F79EFBC}") = "App1.iOS", "App1\App1.iOS\App1.iOS.csproj", "{49AB96D3-EC41-42CF-8A5D-9CECD1E6F416}"
EndProject
Project("{FAE04EC0-301F-11D3-BF4B-00C04F79EFBC}") = "App1", "App1\App1\App1.csproj", "{1161CF1B-E53D-49ED-9AFA-981ABD3CDCE0}"
EndProject
Global
	GlobalSection(SolutionConfigurationPlatforms) = preSolution
		Ad-Hoc|Any CPU = Ad-Hoc|Any CPU
		Ad-Hoc|iPhone = Ad-Hoc|iPhone
		Ad-Hoc|iPhoneSimulator = Ad-Hoc|iPhoneSimulator
		AppStore|Any CPU = AppStore|Any CPU
		AppStore|iPhone = AppStore|iPhone
		AppStore|iPhoneSimulator = AppStore|iPhoneSimulator
		Debug|Any CPU = Debug|Any CPU
		Debug|iPhone = Debug|iPhone
		Debug|iPhoneSimulator = Debug|iPhoneSimulator
		Release|Any CPU = Release|Any CPU
		Release|iPhone = Release|iPhone
		Release|iPhoneSimulator = Release|iPhoneSimulator
	EndGlobalSection
	GlobalSection(ProjectConfigurationPlatforms) = postSolution
		{74E827C8-5821-4841-BB97-E0D27590A64D}.Ad-Hoc|Any CPU.ActiveCfg = Release|Any CPU
		{74E827C8-5821-4841-BB97-E0D27590A64D}.Ad-Hoc|Any CPU.Build.0 = Release|Any CPU
		{74E827C8-5821-4841-BB97-E0D27590A64D}.Ad-Hoc|Any CPU.Deploy.0 = Release|Any CPU
		{74E827C8-5821-4841-BB97-E0D27590A64D}.Ad-Hoc|iPhone.ActiveCfg = Release|Any CPU
		{74E827C8-5821-4841-BB97-E0D27590A64D}.Ad-Hoc|iPhone.Build.0 = Release|Any CPU
		{74E827C8-5821-4841-BB97-E0D27590A64D}.Ad-Hoc|iPhone.Deploy.0 = Release|Any CPU
		{74E827C8-5821-4841-BB97-E0D27590A64D}.Ad-Hoc|iPhoneSimulator.ActiveCfg = Release|Any CPU
		{74E827C8-5821-4841-BB97-E0D27590A64D}.Ad-Hoc|iPhoneSimulator.Build.0 = Release|Any CPU
		{74E827C8-5821-4841-BB97-E0D27590A64D}.Ad-Hoc|iPhoneSimulator.Deploy.0 = Release|Any CPU
		{74E827C8-5821-4841-BB97-E0D27590A64D}.AppStore|Any CPU.ActiveCfg = Release|Any CPU
		{74E827C8-5821-4841-BB97-E0D27590A64D}.AppStore|Any CPU.Build.0 = Release|Any CPU
		{74E827C8-5821-4841-BB97-E0D27590A64D}.AppStore|Any CPU.Deploy.0 = Release|Any CPU
		{74E827C8-5821-4841-BB97-E0D27590A64D}.AppStore|iPhone.ActiveCfg = Release|Any CPU
		{74E827C8-5821-4841-BB97-E0D27590A64D}.AppStore|iPhone.Build.0 = Release|Any CPU
		{74E827C8-5821-4841-BB97-E0D27590A64D}.AppStore|iPhone.Deploy.0 = Release|Any CPU
		{74E827C8-5821-4841-BB97-E0D27590A64D}.AppStore|iPhoneSimulator.ActiveCfg = Release|Any CPU
		{74E827C8-5821-4841-BB97-E0D27590A64D}.AppStore|iPhoneSimulator.Build.0 = Release|Any CPU
		{74E827C8-5821-4841-BB97-E0D27590A64D}.AppStore|iPhoneSimulator.Deploy.0 = Release|Any CPU
		{74E827C8-5821-4841-BB97-E0D27590A64D}.Debug|Any CPU.ActiveCfg = Debug|Any CPU
		{74E827C8-5821-4841-BB97-E0D27590A64D}.Debug|Any CPU.Build.0 = Debug|Any CPU
		{74E827C8-5821-4841-BB97-E0D27590A64D}.Debug|Any CPU.Deploy.0 = Debug|Any CPU
		{74E827C8-5821-4841-BB97-E0D27590A64D}.Debug|iPhone.ActiveCfg = Debug|Any CPU
		{74E827C8-5821-4841-BB97-E0D27590A64D}.Debug|iPhone.Build.0 = Debug|Any CPU
		{74E827C8-5821-4841-BB97-E0D27590A64D}.Debug|iPhone.Deploy.0 = Debug|Any CPU
		{74E827C8-5821-4841-BB97-E0D27590A64D}.Debug|iPhoneSimulator.ActiveCfg = Debug|Any CPU
		{74E827C8-5821-4841-BB97-E0D27590A64D}.Debug|iPhoneSimulator.Build.0 = Debug|Any CPU
		{74E827C8-5821-4841-BB97-E0D27590A64D}.Debug|iPhoneSimulator.Deploy.0 = Debug|Any CPU
		{74E827C8-5821-4841-BB97-E0D27590A64D}.Release|Any CPU.ActiveCfg = Release|Any CPU
		{74E827C8-5821-4841-BB97-E0D27590A64D}.Release|Any CPU.Build.0 = Release|Any CPU
		{74E827C8-5821-4841-BB97-E0D27590A64D}.Release|Any CPU.Deploy.0 = Release|Any CPU
		{74E827C8-5821-4841-BB97-E0D27590A64D}.Release|iPhone.ActiveCfg = Release|Any CPU
		{74E827C8-5821-4841-BB97-E0D27590A64D}.Release|iPhone.Build.0 = Release|Any CPU
		{74E827C8-5821-4841-BB97-E0D27590A64D}.Release|iPhone.Deploy.0 = Release|Any CPU
		{74E827C8-5821-4841-BB97-E0D27590A64D}.Release|iPhoneSimulator.ActiveCfg = Release|Any CPU
		{74E827C8-5821-4841-BB97-E0D27590A64D}.Release|iPhoneSimulator.Build.0 = Release|Any CPU
		{74E827C8-5821-4841-BB97-E0D27590A64D}.Release|iPhoneSimulator.Deploy.0 = Release|Any CPU
		{49AB96D3-EC41-42CF-8A5D-9CECD1E6F416}.Ad-Hoc|Any CPU.ActiveCfg = Ad-Hoc|iPhone
		{49AB96D3-EC41-42CF-8A5D-9CECD1E6F416}.Ad-Hoc|iPhone.ActiveCfg = Ad-Hoc|iPhone
		{49AB96D3-EC41-42CF-8A5D-9CECD1E6F416}.Ad-Hoc|iPhone.Build.0 = Ad-Hoc|iPhone
		{49AB96D3-EC41-42CF-8A5D-9CECD1E6F416}.Ad-Hoc|iPhoneSimulator.ActiveCfg = Ad-Hoc|iPhoneSimulator
		{49AB96D3-EC41-42CF-8A5D-9CECD1E6F416}.Ad-Hoc|iPhoneSimulator.Build.0 = Ad-Hoc|iPhoneSimulator
		{49AB96D3-EC41-42CF-8A5D-9CECD1E6F416}.AppStore|Any CPU.ActiveCfg = AppStore|iPhone
		{49AB96D3-EC41-42CF-8A5D-9CECD1E6F416}.AppStore|iPhone.ActiveCfg = AppStore|iPhone
		{49AB96D3-EC41-42CF-8A5D-9CECD1E6F416}.AppStore|iPhone.Build.0 = AppStore|iPhone
		{49AB96D3-EC41-42CF-8A5D-9CECD1E6F416}.AppStore|iPhoneSimulator.ActiveCfg = AppStore|iPhoneSimulator
		{49AB96D3-EC41-42CF-8A5D-9CECD1E6F416}.AppStore|iPhoneSimulator.Build.0 = AppStore|iPhoneSimulator
		{49AB96D3-EC41-42CF-8A5D-9CECD1E6F416}.Debug|Any CPU.ActiveCfg = Debug|iPhone
		{49AB96D3-EC41-42CF-8A5D-9CECD1E6F416}.Debug|iPhone.ActiveCfg = Debug|iPhone
		{49AB96D3-EC41-42CF-8A5D-9CECD1E6F416}.Debug|iPhone.Build.0 = Debug|iPhone
		{49AB96D3-EC41-42CF-8A5D-9CECD1E6F416}.Debug|iPhoneSimulator.ActiveCfg = Debug|iPhoneSimulator
		{49AB96D3-EC41-42CF-8A5D-9CECD1E6F416}.Debug|iPhoneSimulator.Build.0 = Debug|iPhoneSimulator
		{49AB96D3-EC41-42CF-8A5D-9CECD1E6F416}.Release|Any CPU.ActiveCfg = Release|iPhone
		{49AB96D3-EC41-42CF-8A5D-9CECD1E6F416}.Release|iPhone.ActiveCfg = Release|iPhone
		{49AB96D3-EC41-42CF-8A5D-9CECD1E6F416}.Release|iPhone.Build.0 = Release|iPhone
		{49AB96D3-EC41-42CF-8A5D-9CECD1E6F416}.Release|iPhoneSimulator.ActiveCfg = Release|iPhoneSimulator
		{49AB96D3-EC41-42CF-8A5D-9CECD1E6F416}.Release|iPhoneSimulator.Build.0 = Release|iPhoneSimulator
		{1161CF1B-E53D-49ED-9AFA-981ABD3CDCE0}.Ad-Hoc|Any CPU.ActiveCfg = Debug|Any CPU
		{1161CF1B-E53D-49ED-9AFA-981ABD3CDCE0}.Ad-Hoc|Any CPU.Build.0 = Debug|Any CPU
		{1161CF1B-E53D-49ED-9AFA-981ABD3CDCE0}.Ad-Hoc|iPhone.ActiveCfg = Debug|Any CPU
		{1161CF1B-E53D-49ED-9AFA-981ABD3CDCE0}.Ad-Hoc|iPhone.Build.0 = Debug|Any CPU
		{1161CF1B-E53D-49ED-9AFA-981ABD3CDCE0}.Ad-Hoc|iPhoneSimulator.ActiveCfg = Debug|Any CPU
		{1161CF1B-E53D-49ED-9AFA-981ABD3CDCE0}.Ad-Hoc|iPhoneSimulator.Build.0 = Debug|Any CPU
		{1161CF1B-E53D-49ED-9AFA-981ABD3CDCE0}.AppStore|Any CPU.ActiveCfg = Debug|Any CPU
		{1161CF1B-E53D-49ED-9AFA-981ABD3CDCE0}.AppStore|Any CPU.Build.0 = Debug|Any CPU
		{1161CF1B-E53D-49ED-9AFA-981ABD3CDCE0}.AppStore|iPhone.ActiveCfg = Debug|Any CPU
		{1161CF1B-E53D-49ED-9AFA-981ABD3CDCE0}.AppStore|iPhone.Build.0 = Debug|Any CPU
		{1161CF1B-E53D-49ED-9AFA-981ABD3CDCE0}.AppStore|iPhoneSimulator.ActiveCfg = Debug|Any CPU
		{1161CF1B-E53D-49ED-9AFA-981ABD3CDCE0}.AppStore|iPhoneSimulator.Build.0 = Debug|Any CPU
		{1161CF1B-E53D-49ED-9AFA-981ABD3CDCE0}.Debug|Any CPU.ActiveCfg = Debug|Any CPU
		{1161CF1B-E53D-49ED-9AFA-981ABD3CDCE0}.Debug|Any CPU.Build.0 = Debug|Any CPU
		{1161CF1B-E53D-49ED-9AFA-981ABD3CDCE0}.Debug|iPhone.ActiveCfg = Debug|Any CPU
		{1161CF1B-E53D-49ED-9AFA-981ABD3CDCE0}.Debug|iPhone.Build.0 = Debug|Any CPU
		{1161CF1B-E53D-49ED-9AFA-981ABD3CDCE0}.Debug|iPhoneSimulator.ActiveCfg = Debug|Any CPU
		{1161CF1B-E53D-49ED-9AFA-981ABD3CDCE0}.Debug|iPhoneSimulator.Build.0 = Debug|Any CPU
		{1161CF1B-E53D-49ED-9AFA-981ABD3CDCE0}.Release|Any CPU.ActiveCfg = Release|Any CPU
		{1161CF1B-E53D-49ED-9AFA-981ABD3CDCE0}.Release|Any CPU.Build.0 = Release|Any CPU
		{1161CF1B-E53D-49ED-9AFA-981ABD3CDCE0}.Release|iPhone.ActiveCfg = Release|Any CPU
		{1161CF1B-E53D-49ED-9AFA-981ABD3CDCE0}.Release|iPhone.Build.0 = Release|Any CPU
		{1161CF1B-E53D-49ED-9AFA-981ABD3CDCE0}.Release|iPhoneSimulator.ActiveCfg = Release|Any CPU
		{1161CF1B-E53D-49ED-9AFA-981ABD3CDCE0}.Release|iPhoneSimulator.Build.0 = Release|Any CPU
	EndGlobalSection
	GlobalSection(SolutionProperties) = preSolution
		HideSolutionNode = FALSE
	EndGlobalSection
	GlobalSection(ExtensibilityGlobals) = postSolution
		SolutionGuid = {90C86851-E070-489B-A405-CB92A93744D3}
	EndGlobalSection
EndGlobal
